
Microsoft Visual Studio Solution File, Format Version 12.00
# Visual Studio Version 17
VisualStudioVersion = 17.0.31903.59
MinimumVisualStudioVersion = 10.0.40219.1
Project("{2150E333-8FDC-42A3-9474-1A3956D46DE8}") = "src", "src", "{5D44FEA6-1629-4E3A-B9C7-B433FB21D424}"
EndProject
Project("{2150E333-8FDC-42A3-9474-1A3956D46DE8}") = "BuildingBlocks", "BuildingBlocks", "{0CD50FE6-BFB9-4FAA-B950-A7EF8EE1E1FB}"
EndProject
Project("{FAE04EC0-301F-11D3-BF4B-00C04F79EFBC}") = "AutoGrading.Contracts", "src\BuildingBlocks\AutoGrading.Contracts\AutoGrading.Contracts.csproj", "{84DADA18-780A-44D5-B390-013C23F234BF}"
EndProject
Project("{FAE04EC0-301F-11D3-BF4B-00C04F79EFBC}") = "AutoGrading.Common", "src\BuildingBlocks\AutoGrading.Common\AutoGrading.Common.csproj", "{34FB2E8F-8077-4891-B47B-CF78F94ECF80}"
EndProject
Project("{2150E333-8FDC-42A3-9474-1A3956D46DE8}") = "Services", "Services", "{CAF83F72-1AC1-48AE-A1E1-821FCFB6AA6D}"
EndProject
Project("{2150E333-8FDC-42A3-9474-1A3956D46DE8}") = "Identity", "Identity", "{43DDE775-450B-42C1-B138-CD9FDC4BA6BA}"
EndProject
Project("{FAE04EC0-301F-11D3-BF4B-00C04F79EFBC}") = "AutoGrading.Identity.Api", "src\Services\Identity\AutoGrading.Identity.Api\AutoGrading.Identity.Api.csproj", "{D1891F1A-5FA3-4D9E-A4CD-0DC4F2A9C69C}"
EndProject
Project("{2150E333-8FDC-42A3-9474-1A3956D46DE8}") = "Catalog", "Catalog", "{DB8A3A8B-8C04-4AA1-AF21-6CC209B6749A}"
EndProject
Project("{FAE04EC0-301F-11D3-BF4B-00C04F79EFBC}") = "AutoGrading.Catalog.Api", "src\Services\Catalog\AutoGrading.Catalog.Api\AutoGrading.Catalog.Api.csproj", "{D34AEA0F-87BE-4A83-9F2B-89C37B498BA3}"
EndProject
Project("{2150E333-8FDC-42A3-9474-1A3956D46DE8}") = "Submission", "Submission", "{14B00E7A-ED18-4249-B17A-96BF56259C0C}"
EndProject
Project("{FAE04EC0-301F-11D3-BF4B-00C04F79EFBC}") = "AutoGrading.Submission.Api", "src\Services\Submission\AutoGrading.Submission.Api\AutoGrading.Submission.Api.csproj", "{37A867B5-BB6C-4F70-896C-B105EF52C6CA}"
EndProject
Project("{2150E333-8FDC-42A3-9474-1A3956D46DE8}") = "Grading", "Grading", "{F3FCE031-6108-4BAB-8B10-EA004AD8FB97}"
EndProject
Project("{FAE04EC0-301F-11D3-BF4B-00C04F79EFBC}") = "AutoGrading.Grading.Api", "src\Services\Grading\AutoGrading.Grading.Api\AutoGrading.Grading.Api.csproj", "{E23883B9-F6C2-42C9-8AD0-B77553B7B7EF}"
EndProject
Project("{2150E333-8FDC-42A3-9474-1A3956D46DE8}") = "Notification", "Notification", "{4E86A3D7-F7DD-41F0-A010-10A84E249163}"
EndProject
Project("{FAE04EC0-301F-11D3-BF4B-00C04F79EFBC}") = "AutoGrading.Notification.Api", "src\Services\Notification\AutoGrading.Notification.Api\AutoGrading.Notification.Api.csproj", "{F1333CAC-A11A-4C6D-B344-FA029B6DEA05}"
EndProject
Project("{2150E333-8FDC-42A3-9474-1A3956D46DE8}") = "Gateway", "Gateway", "{0984CF29-8078-4C23-9BBD-1EA419BE0312}"
EndProject
Project("{FAE04EC0-301F-11D3-BF4B-00C04F79EFBC}") = "AutoGrading.Gateway", "src\Gateway\AutoGrading.Gateway\AutoGrading.Gateway.csproj", "{F92077FE-D08E-4CC8-9E1E-133ED66F8FBA}"
EndProject
Project("{FAE04EC0-301F-11D3-BF4B-00C04F79EFBC}") = "AutoGrading.Common.Tests", "src\BuildingBlocks\AutoGrading.Common.Tests\AutoGrading.Common.Tests.csproj", "{CC45A600-68E4-48D9-A4C6-14F935C4FBC3}"
EndProject
Global
	GlobalSection(SolutionConfigurationPlatforms) = preSolution
		Debug|Any CPU = Debug|Any CPU
		Release|Any CPU = Release|Any CPU
	EndGlobalSection
	GlobalSection(ProjectConfigurationPlatforms) = postSolution
		{84DADA18-780A-44D5-B390-013C23F234BF}.Debug|Any CPU.ActiveCfg = Debug|Any CPU
		{84DADA18-780A-44D5-B390-013C23F234BF}.Debug|Any CPU.Build.0 = Debug|Any CPU
		{84DADA18-780A-44D5-B390-013C23F234BF}.Release|Any CPU.ActiveCfg = Release|Any CPU
		{84DADA18-780A-44D5-B390-013C23F234BF}.Release|Any CPU.Build.0 = Release|Any CPU
		{34FB2E8F-8077-4891-B47B-CF78F94ECF80}.Debug|Any CPU.ActiveCfg = Debug|Any CPU
		{34FB2E8F-8077-4891-B47B-CF78F94ECF80}.Debug|Any CPU.Build.0 = Debug|Any CPU
		{34FB2E8F-8077-4891-B47B-CF78F94ECF80}.Release|Any CPU.ActiveCfg = Release|Any CPU
		{34FB2E8F-8077-4891-B47B-CF78F94ECF80}.Release|Any CPU.Build.0 = Release|Any CPU
		{D1891F1A-5FA3-4D9E-A4CD-0DC4F2A9C69C}.Debug|Any CPU.ActiveCfg = Debug|Any CPU
		{D1891F1A-5FA3-4D9E-A4CD-0DC4F2A9C69C}.Debug|Any CPU.Build.0 = Debug|Any CPU
		{D1891F1A-5FA3-4D9E-A4CD-0DC4F2A9C69C}.Release|Any CPU.ActiveCfg = Release|Any CPU
		{D1891F1A-5FA3-4D9E-A4CD-0DC4F2A9C69C}.Release|Any CPU.Build.0 = Release|Any CPU
		{D34AEA0F-87BE-4A83-9F2B-89C37B498BA3}.Debug|Any CPU.ActiveCfg = Debug|Any CPU
		{D34AEA0F-87BE-4A83-9F2B-89C37B498BA3}.Debug|Any CPU.Build.0 = Debug|Any CPU
		{D34AEA0F-87BE-4A83-9F2B-89C37B498BA3}.Release|Any CPU.ActiveCfg = Release|Any CPU
		{D34AEA0F-87BE-4A83-9F2B-89C37B498BA3}.Release|Any CPU.Build.0 = Release|Any CPU
		{37A867B5-BB6C-4F70-896C-B105EF52C6CA}.Debug|Any CPU.ActiveCfg = Debug|Any CPU
		{37A867B5-BB6C-4F70-896C-B105EF52C6CA}.Debug|Any CPU.Build.0 = Debug|Any CPU
		{37A867B5-BB6C-4F70-896C-B105EF52C6CA}.Release|Any CPU.ActiveCfg = Release|Any CPU
		{37A867B5-BB6C-4F70-896C-B105EF52C6CA}.Release|Any CPU.Build.0 = Release|Any CPU
		{E23883B9-F6C2-42C9-8AD0-B77553B7B7EF}.Debug|Any CPU.ActiveCfg = Debug|Any CPU
		{E23883B9-F6C2-42C9-8AD0-B77553B7B7EF}.Debug|Any CPU.Build.0 = Debug|Any CPU
		{E23883B9-F6C2-42C9-8AD0-B77553B7B7EF}.Release|Any CPU.ActiveCfg = Release|Any CPU
		{E23883B9-F6C2-42C9-8AD0-B77553B7B7EF}.Release|Any CPU.Build.0 = Release|Any CPU
		{F1333CAC-A11A-4C6D-B344-FA029B6DEA05}.Debug|Any CPU.ActiveCfg = Debug|Any CPU
		{F1333CAC-A11A-4C6D-B344-FA029B6DEA05}.Debug|Any CPU.Build.0 = Debug|Any CPU
		{F1333CAC-A11A-4C6D-B344-FA029B6DEA05}.Release|Any CPU.ActiveCfg = Release|Any CPU
		{F1333CAC-A11A-4C6D-B344-FA029B6DEA05}.Release|Any CPU.Build.0 = Release|Any CPU
		{F92077FE-D08E-4CC8-9E1E-133ED66F8FBA}.Debug|Any CPU.ActiveCfg = Debug|Any CPU
		{F92077FE-D08E-4CC8-9E1E-133ED66F8FBA}.Debug|Any CPU.Build.0 = Debug|Any CPU
		{F92077FE-D08E-4CC8-9E1E-133ED66F8FBA}.Release|Any CPU.ActiveCfg = Release|Any CPU
		{F92077FE-D08E-4CC8-9E1E-133ED66F8FBA}.Release|Any CPU.Build.0 = Release|Any CPU
		{CC45A600-68E4-48D9-A4C6-14F935C4FBC3}.Debug|Any CPU.ActiveCfg = Debug|Any CPU
		{CC45A600-68E4-48D9-A4C6-14F935C4FBC3}.Debug|Any CPU.Build.0 = Debug|Any CPU
		{CC45A600-68E4-48D9-A4C6-14F935C4FBC3}.Release|Any CPU.ActiveCfg = Release|Any CPU
		{CC45A600-68E4-48D9-A4C6-14F935C4FBC3}.Release|Any CPU.Build.0 = Release|Any CPU
	EndGlobalSection
	GlobalSection(SolutionProperties) = preSolution
		HideSolutionNode = FALSE
	EndGlobalSection
	GlobalSection(NestedProjects) = preSolution
		{0CD50FE6-BFB9-4FAA-B950-A7EF8EE1E1FB} = {5D44FEA6-1629-4E3A-B9C7-B433FB21D424}
		{84DADA18-780A-44D5-B390-013C23F234BF} = {0CD50FE6-BFB9-4FAA-B950-A7EF8EE1E1FB}
		{34FB2E8F-8077-4891-B47B-CF78F94ECF80} = {0CD50FE6-BFB9-4FAA-B950-A7EF8EE1E1FB}
		{CAF83F72-1AC1-48AE-A1E1-821FCFB6AA6D} = {5D44FEA6-1629-4E3A-B9C7-B433FB21D424}
		{43DDE775-450B-42C1-B138-CD9FDC4BA6BA} = {CAF83F72-1AC1-48AE-A1E1-821FCFB6AA6D}
		{D1891F1A-5FA3-4D9E-A4CD-0DC4F2A9C69C} = {43DDE775-450B-42C1-B138-CD9FDC4BA6BA}
		{DB8A3A8B-8C04-4AA1-AF21-6CC209B6749A} = {CAF83F72-1AC1-48AE-A1E1-821FCFB6AA6D}
		{D34AEA0F-87BE-4A83-9F2B-89C37B498BA3} = {DB8A3A8B-8C04-4AA1-AF21-6CC209B6749A}
		{14B00E7A-ED18-4249-B17A-96BF56259C0C} = {CAF83F72-1AC1-48AE-A1E1-821FCFB6AA6D}
		{37A867B5-BB6C-4F70-896C-B105EF52C6CA} = {14B00E7A-ED18-4249-B17A-96BF56259C0C}
		{F3FCE031-6108-4BAB-8B10-EA004AD8FB97} = {CAF83F72-1AC1-48AE-A1E1-821FCFB6AA6D}
		{E23883B9-F6C2-42C9-8AD0-B77553B7B7EF} = {F3FCE031-6108-4BAB-8B10-EA004AD8FB97}
		{4E86A3D7-F7DD-41F0-A010-10A84E249163} = {CAF83F72-1AC1-48AE-A1E1-821FCFB6AA6D}
		{F1333CAC-A11A-4C6D-B344-FA029B6DEA05} = {4E86A3D7-F7DD-41F0-A010-10A84E249163}
		{0984CF29-8078-4C23-9BBD-1EA419BE0312} = {5D44FEA6-1629-4E3A-B9C7-B433FB21D424}
		{F92077FE-D08E-4CC8-9E1E-133ED66F8FBA} = {0984CF29-8078-4C23-9BBD-1EA419BE0312}
		{CC45A600-68E4-48D9-A4C6-14F935C4FBC3} = {0CD50FE6-BFB9-4FAA-B950-A7EF8EE1E1FB}
	EndGlobalSection
EndGlobal
